
Microsoft Visual Studio Solution File, Format Version 12.00
# Visual Studio Version 17
VisualStudioVersion = 17.4.33110.190
MinimumVisualStudioVersion = 10.0.40219.1
Project("{FAE04EC0-301F-11D3-BF4B-00C04F79EFBC}") = "WebApplicationApi", "WebApplicationApi\WebApplicationApi.csproj", "{517C3FC8-AE1C-48A3-AE96-2A023BA892D7}"
EndProject
Project("{FAE04EC0-301F-11D3-BF4B-00C04F79EFBC}") = "Application", "Application\Application.csproj", "{C73E5B13-FEE9-4DDE-988A-270D740CF4F8}"
EndProject
Project("{FAE04EC0-301F-11D3-BF4B-00C04F79EFBC}") = "Domain", "Domain\Domain.csproj", "{C2580614-9BAD-49DC-ADD1-F4E4CBDD4656}"
EndProject
Global
	GlobalSection(SolutionConfigurationPlatforms) = preSolution
		Debug|Any CPU = Debug|Any CPU
		Release|Any CPU = Release|Any CPU
	EndGlobalSection
	GlobalSection(ProjectConfigurationPlatforms) = postSolution
		{517C3FC8-AE1C-48A3-AE96-2A023BA892D7}.Debug|Any CPU.ActiveCfg = Debug|Any CPU
		{517C3FC8-AE1C-48A3-AE96-2A023BA892D7}.Debug|Any CPU.Build.0 = Debug|Any CPU
		{517C3FC8-AE1C-48A3-AE96-2A023BA892D7}.Release|Any CPU.ActiveCfg = Release|Any CPU
		{517C3FC8-AE1C-48A3-AE96-2A023BA892D7}.Release|Any CPU.Build.0 = Release|Any CPU
		{C73E5B13-FEE9-4DDE-988A-270D740CF4F8}.Debug|Any CPU.ActiveCfg = Debug|Any CPU
		{C73E5B13-FEE9-4DDE-988A-270D740CF4F8}.Debug|Any CPU.Build.0 = Debug|Any CPU
		{C73E5B13-FEE9-4DDE-988A-270D740CF4F8}.Release|Any CPU.ActiveCfg = Release|Any CPU
		{C73E5B13-FEE9-4DDE-988A-270D740CF4F8}.Release|Any CPU.Build.0 = Release|Any CPU
		{C2580614-9BAD-49DC-ADD1-F4E4CBDD4656}.Debug|Any CPU.ActiveCfg = Debug|Any CPU
		{C2580614-9BAD-49DC-ADD1-F4E4CBDD4656}.Debug|Any CPU.Build.0 = Debug|Any CPU
		{C2580614-9BAD-49DC-ADD1-F4E4CBDD4656}.Release|Any CPU.ActiveCfg = Release|Any CPU
		{C2580614-9BAD-49DC-ADD1-F4E4CBDD4656}.Release|Any CPU.Build.0 = Release|Any CPU
	EndGlobalSection
	GlobalSection(SolutionProperties) = preSolution
		HideSolutionNode = FALSE
	EndGlobalSection
	GlobalSection(ExtensibilityGlobals) = postSolution
		SolutionGuid = {388535A8-1E66-47CA-8A84-470880E5D4A6}
	EndGlobalSection
EndGlobal
